// !$*UTF8*$!
{
	archiveVersion = 1;
	classes = {
	};
	objectVersion = 55;
	objects = {

/* Begin PBXBuildFile section */
		BF3EE2DC279A868D00EA2385 /* ServiceProvider.swift in Sources */ = {isa = PBXBuildFile; fileRef = BF3EE2DB279A868D00EA2385 /* ServiceProvider.swift */; };
		BF3EE2DE279A87D300EA2385 /* PhotosViewModel.swift in Sources */ = {isa = PBXBuildFile; fileRef = BF3EE2DD279A87D300EA2385 /* PhotosViewModel.swift */; };
		BF86D1A4279B9F9300A7CAC8 /* MemoryCacheManager.swift in Sources */ = {isa = PBXBuildFile; fileRef = BF86D1A3279B9F9300A7CAC8 /* MemoryCacheManager.swift */; };
		BF86D1A6279B9F9900A7CAC8 /* DiskCacheManager.swift in Sources */ = {isa = PBXBuildFile; fileRef = BF86D1A5279B9F9900A7CAC8 /* DiskCacheManager.swift */; };
		BF86D1A8279BA01400A7CAC8 /* MockNSCache.swift in Sources */ = {isa = PBXBuildFile; fileRef = BF86D1A7279BA01400A7CAC8 /* MockNSCache.swift */; };
		BF86D1AA279BA02500A7CAC8 /* MockFileManager.swift in Sources */ = {isa = PBXBuildFile; fileRef = BF86D1A9279BA02500A7CAC8 /* MockFileManager.swift */; };
		BF86D1AC279BA06400A7CAC8 /* DiskCacheManagerTests.swift in Sources */ = {isa = PBXBuildFile; fileRef = BF86D1AB279BA06400A7CAC8 /* DiskCacheManagerTests.swift */; };
		BF86D1AE279BA07200A7CAC8 /* MemoryCacheManagerTests.swift in Sources */ = {isa = PBXBuildFile; fileRef = BF86D1AD279BA07100A7CAC8 /* MemoryCacheManagerTests.swift */; };
		BF86D1B0279BA15700A7CAC8 /* MockMemoryCacheManager.swift in Sources */ = {isa = PBXBuildFile; fileRef = BF86D1AF279BA15700A7CAC8 /* MockMemoryCacheManager.swift */; };
		BF86D1B2279BA16000A7CAC8 /* MockDiskCacheManager.swift in Sources */ = {isa = PBXBuildFile; fileRef = BF86D1B1279BA16000A7CAC8 /* MockDiskCacheManager.swift */; };
		BF86D1B4279BA2E400A7CAC8 /* ImageCacheService.swift in Sources */ = {isa = PBXBuildFile; fileRef = BF86D1B3279BA2E400A7CAC8 /* ImageCacheService.swift */; };
		BF86D1B6279BA3D900A7CAC8 /* String+Extension.swift in Sources */ = {isa = PBXBuildFile; fileRef = BF86D1B5279BA3D900A7CAC8 /* String+Extension.swift */; };
		BF86D1B8279BC2CD00A7CAC8 /* ImageLoadService.swift in Sources */ = {isa = PBXBuildFile; fileRef = BF86D1B7279BC2CD00A7CAC8 /* ImageLoadService.swift */; };
		BF86D1BA279BD11100A7CAC8 /* ImageCacheServiceTests.swift in Sources */ = {isa = PBXBuildFile; fileRef = BF86D1B9279BD11100A7CAC8 /* ImageCacheServiceTests.swift */; };
		BF86D1BC279BD11D00A7CAC8 /* ImageLoadServiceTests.swift in Sources */ = {isa = PBXBuildFile; fileRef = BF86D1BB279BD11D00A7CAC8 /* ImageLoadServiceTests.swift */; };
		BF86D1BF279BD4F100A7CAC8 /* MockPhotoService.swift in Sources */ = {isa = PBXBuildFile; fileRef = BF86D1BE279BD4F100A7CAC8 /* MockPhotoService.swift */; };
		BF86D1C1279BD4FA00A7CAC8 /* MockImageCacheService.swift in Sources */ = {isa = PBXBuildFile; fileRef = BF86D1C0279BD4FA00A7CAC8 /* MockImageCacheService.swift */; };
		BF86D1C3279BD50400A7CAC8 /* MockServiceProvider.swift in Sources */ = {isa = PBXBuildFile; fileRef = BF86D1C2279BD50400A7CAC8 /* MockServiceProvider.swift */; };
		BF86D1C5279BF0AE00A7CAC8 /* MockImageLoadService.swift in Sources */ = {isa = PBXBuildFile; fileRef = BF86D1C4279BF0AE00A7CAC8 /* MockImageLoadService.swift */; };
		BFA8F9BA27992CF500076044 /* AppDelegate.swift in Sources */ = {isa = PBXBuildFile; fileRef = BFA8F9B927992CF500076044 /* AppDelegate.swift */; };
		BFA8F9BC27992CF500076044 /* SceneDelegate.swift in Sources */ = {isa = PBXBuildFile; fileRef = BFA8F9BB27992CF500076044 /* SceneDelegate.swift */; };
		BFA8F9C327992CF700076044 /* Assets.xcassets in Resources */ = {isa = PBXBuildFile; fileRef = BFA8F9C227992CF700076044 /* Assets.xcassets */; };
		BFA8F9C627992CF700076044 /* LaunchScreen.storyboard in Resources */ = {isa = PBXBuildFile; fileRef = BFA8F9C427992CF700076044 /* LaunchScreen.storyboard */; };
		BFA8F9CE27992D7C00076044 /* ContentView.swift in Sources */ = {isa = PBXBuildFile; fileRef = BFA8F9CD27992D7C00076044 /* ContentView.swift */; };
		BFA8F9D027992E1600076044 /* PhotosView.swift in Sources */ = {isa = PBXBuildFile; fileRef = BFA8F9CF27992E1600076044 /* PhotosView.swift */; };
		BFA8F9D227992E1D00076044 /* SearchView.swift in Sources */ = {isa = PBXBuildFile; fileRef = BFA8F9D127992E1D00076044 /* SearchView.swift */; };
		BFA8F9D427992E2300076044 /* DetailView.swift in Sources */ = {isa = PBXBuildFile; fileRef = BFA8F9D327992E2300076044 /* DetailView.swift */; };
		BFA8F9E0279932DF00076044 /* PhotoModel.swift in Sources */ = {isa = PBXBuildFile; fileRef = BFA8F9DF279932DF00076044 /* PhotoModel.swift */; };
		BFA8F9E22799333400076044 /* NetworkManager.swift in Sources */ = {isa = PBXBuildFile; fileRef = BFA8F9E12799333400076044 /* NetworkManager.swift */; };
		BFA8F9F3279933E200076044 /* MockURLSession.swift in Sources */ = {isa = PBXBuildFile; fileRef = BFA8F9F2279933E200076044 /* MockURLSession.swift */; };
		BFA8F9F72799346000076044 /* NetworkManagerTests.swift in Sources */ = {isa = PBXBuildFile; fileRef = BFA8F9F62799346000076044 /* NetworkManagerTests.swift */; };
		BFA8F9F9279934D000076044 /* APIRouter.swift in Sources */ = {isa = PBXBuildFile; fileRef = BFA8F9F8279934D000076044 /* APIRouter.swift */; };
		BFA8F9FB2799430C00076044 /* PhotoService.swift in Sources */ = {isa = PBXBuildFile; fileRef = BFA8F9FA2799430C00076044 /* PhotoService.swift */; };
		BFA8F9FD2799465F00076044 /* ManagerProvider.swift in Sources */ = {isa = PBXBuildFile; fileRef = BFA8F9FC2799465F00076044 /* ManagerProvider.swift */; };
		BFA8FA042799527E00076044 /* MockNetworkManager.swift in Sources */ = {isa = PBXBuildFile; fileRef = BFA8FA032799527E00076044 /* MockNetworkManager.swift */; };
		BFA8FA062799536200076044 /* PhotoServiceTests.swift in Sources */ = {isa = PBXBuildFile; fileRef = BFA8FA052799536200076044 /* PhotoServiceTests.swift */; };
		BFA8FA08279953F100076044 /* MockManagerProvider.swift in Sources */ = {isa = PBXBuildFile; fileRef = BFA8FA07279953F100076044 /* MockManagerProvider.swift */; };
/* End PBXBuildFile section */

/* Begin PBXContainerItemProxy section */
		BFA8F9EB279933A400076044 /* PBXContainerItemProxy */ = {
			isa = PBXContainerItemProxy;
			containerPortal = BFA8F9AE27992CF500076044 /* Project object */;
			proxyType = 1;
			remoteGlobalIDString = BFA8F9B527992CF500076044;
			remoteInfo = PhotosUI;
		};
/* End PBXContainerItemProxy section */

/* Begin PBXFileReference section */
		BF3EE2DB279A868D00EA2385 /* ServiceProvider.swift */ = {isa = PBXFileReference; lastKnownFileType = sourcecode.swift; path = ServiceProvider.swift; sourceTree = "<group>"; };
		BF3EE2DD279A87D300EA2385 /* PhotosViewModel.swift */ = {isa = PBXFileReference; lastKnownFileType = sourcecode.swift; path = PhotosViewModel.swift; sourceTree = "<group>"; };
		BF86D1A3279B9F9300A7CAC8 /* MemoryCacheManager.swift */ = {isa = PBXFileReference; lastKnownFileType = sourcecode.swift; path = MemoryCacheManager.swift; sourceTree = "<group>"; };
		BF86D1A5279B9F9900A7CAC8 /* DiskCacheManager.swift */ = {isa = PBXFileReference; lastKnownFileType = sourcecode.swift; path = DiskCacheManager.swift; sourceTree = "<group>"; };
		BF86D1A7279BA01400A7CAC8 /* MockNSCache.swift */ = {isa = PBXFileReference; lastKnownFileType = sourcecode.swift; path = MockNSCache.swift; sourceTree = "<group>"; };
		BF86D1A9279BA02500A7CAC8 /* MockFileManager.swift */ = {isa = PBXFileReference; lastKnownFileType = sourcecode.swift; path = MockFileManager.swift; sourceTree = "<group>"; };
		BF86D1AB279BA06400A7CAC8 /* DiskCacheManagerTests.swift */ = {isa = PBXFileReference; lastKnownFileType = sourcecode.swift; path = DiskCacheManagerTests.swift; sourceTree = "<group>"; };
		BF86D1AD279BA07100A7CAC8 /* MemoryCacheManagerTests.swift */ = {isa = PBXFileReference; lastKnownFileType = sourcecode.swift; path = MemoryCacheManagerTests.swift; sourceTree = "<group>"; };
		BF86D1AF279BA15700A7CAC8 /* MockMemoryCacheManager.swift */ = {isa = PBXFileReference; lastKnownFileType = sourcecode.swift; path = MockMemoryCacheManager.swift; sourceTree = "<group>"; };
		BF86D1B1279BA16000A7CAC8 /* MockDiskCacheManager.swift */ = {isa = PBXFileReference; lastKnownFileType = sourcecode.swift; path = MockDiskCacheManager.swift; sourceTree = "<group>"; };
		BF86D1B3279BA2E400A7CAC8 /* ImageCacheService.swift */ = {isa = PBXFileReference; lastKnownFileType = sourcecode.swift; path = ImageCacheService.swift; sourceTree = "<group>"; };
		BF86D1B5279BA3D900A7CAC8 /* String+Extension.swift */ = {isa = PBXFileReference; lastKnownFileType = sourcecode.swift; path = "String+Extension.swift"; sourceTree = "<group>"; };
		BF86D1B7279BC2CD00A7CAC8 /* ImageLoadService.swift */ = {isa = PBXFileReference; lastKnownFileType = sourcecode.swift; path = ImageLoadService.swift; sourceTree = "<group>"; };
		BF86D1B9279BD11100A7CAC8 /* ImageCacheServiceTests.swift */ = {isa = PBXFileReference; lastKnownFileType = sourcecode.swift; path = ImageCacheServiceTests.swift; sourceTree = "<group>"; };
		BF86D1BB279BD11D00A7CAC8 /* ImageLoadServiceTests.swift */ = {isa = PBXFileReference; lastKnownFileType = sourcecode.swift; path = ImageLoadServiceTests.swift; sourceTree = "<group>"; };
		BF86D1BE279BD4F100A7CAC8 /* MockPhotoService.swift */ = {isa = PBXFileReference; lastKnownFileType = sourcecode.swift; path = MockPhotoService.swift; sourceTree = "<group>"; };
		BF86D1C0279BD4FA00A7CAC8 /* MockImageCacheService.swift */ = {isa = PBXFileReference; lastKnownFileType = sourcecode.swift; path = MockImageCacheService.swift; sourceTree = "<group>"; };
		BF86D1C2279BD50400A7CAC8 /* MockServiceProvider.swift */ = {isa = PBXFileReference; lastKnownFileType = sourcecode.swift; path = MockServiceProvider.swift; sourceTree = "<group>"; };
		BF86D1C4279BF0AE00A7CAC8 /* MockImageLoadService.swift */ = {isa = PBXFileReference; lastKnownFileType = sourcecode.swift; path = MockImageLoadService.swift; sourceTree = "<group>"; };
		BFA8F9B627992CF500076044 /* PhotosUI.app */ = {isa = PBXFileReference; explicitFileType = wrapper.application; includeInIndex = 0; path = PhotosUI.app; sourceTree = BUILT_PRODUCTS_DIR; };
		BFA8F9B927992CF500076044 /* AppDelegate.swift */ = {isa = PBXFileReference; lastKnownFileType = sourcecode.swift; path = AppDelegate.swift; sourceTree = "<group>"; };
		BFA8F9BB27992CF500076044 /* SceneDelegate.swift */ = {isa = PBXFileReference; lastKnownFileType = sourcecode.swift; path = SceneDelegate.swift; sourceTree = "<group>"; };
		BFA8F9C227992CF700076044 /* Assets.xcassets */ = {isa = PBXFileReference; lastKnownFileType = folder.assetcatalog; path = Assets.xcassets; sourceTree = "<group>"; };
		BFA8F9C527992CF700076044 /* Base */ = {isa = PBXFileReference; lastKnownFileType = file.storyboard; name = Base; path = Base.lproj/LaunchScreen.storyboard; sourceTree = "<group>"; };
		BFA8F9C727992CF700076044 /* Info.plist */ = {isa = PBXFileReference; lastKnownFileType = text.plist.xml; path = Info.plist; sourceTree = "<group>"; };
		BFA8F9CD27992D7C00076044 /* ContentView.swift */ = {isa = PBXFileReference; lastKnownFileType = sourcecode.swift; path = ContentView.swift; sourceTree = "<group>"; };
		BFA8F9CF27992E1600076044 /* PhotosView.swift */ = {isa = PBXFileReference; lastKnownFileType = sourcecode.swift; path = PhotosView.swift; sourceTree = "<group>"; };
		BFA8F9D127992E1D00076044 /* SearchView.swift */ = {isa = PBXFileReference; lastKnownFileType = sourcecode.swift; path = SearchView.swift; sourceTree = "<group>"; };
		BFA8F9D327992E2300076044 /* DetailView.swift */ = {isa = PBXFileReference; lastKnownFileType = sourcecode.swift; path = DetailView.swift; sourceTree = "<group>"; };
		BFA8F9DF279932DF00076044 /* PhotoModel.swift */ = {isa = PBXFileReference; lastKnownFileType = sourcecode.swift; path = PhotoModel.swift; sourceTree = "<group>"; };
		BFA8F9E12799333400076044 /* NetworkManager.swift */ = {isa = PBXFileReference; lastKnownFileType = sourcecode.swift; path = NetworkManager.swift; sourceTree = "<group>"; };
		BFA8F9E7279933A400076044 /* PhotosUITests.xctest */ = {isa = PBXFileReference; explicitFileType = wrapper.cfbundle; includeInIndex = 0; path = PhotosUITests.xctest; sourceTree = BUILT_PRODUCTS_DIR; };
		BFA8F9F2279933E200076044 /* MockURLSession.swift */ = {isa = PBXFileReference; lastKnownFileType = sourcecode.swift; path = MockURLSession.swift; sourceTree = "<group>"; };
		BFA8F9F62799346000076044 /* NetworkManagerTests.swift */ = {isa = PBXFileReference; lastKnownFileType = sourcecode.swift; path = NetworkManagerTests.swift; sourceTree = "<group>"; };
		BFA8F9F8279934D000076044 /* APIRouter.swift */ = {isa = PBXFileReference; lastKnownFileType = sourcecode.swift; path = APIRouter.swift; sourceTree = "<group>"; };
		BFA8F9FA2799430C00076044 /* PhotoService.swift */ = {isa = PBXFileReference; lastKnownFileType = sourcecode.swift; path = PhotoService.swift; sourceTree = "<group>"; };
		BFA8F9FC2799465F00076044 /* ManagerProvider.swift */ = {isa = PBXFileReference; lastKnownFileType = sourcecode.swift; path = ManagerProvider.swift; sourceTree = "<group>"; };
		BFA8FA032799527E00076044 /* MockNetworkManager.swift */ = {isa = PBXFileReference; lastKnownFileType = sourcecode.swift; path = MockNetworkManager.swift; sourceTree = "<group>"; };
		BFA8FA052799536200076044 /* PhotoServiceTests.swift */ = {isa = PBXFileReference; lastKnownFileType = sourcecode.swift; path = PhotoServiceTests.swift; sourceTree = "<group>"; };
		BFA8FA07279953F100076044 /* MockManagerProvider.swift */ = {isa = PBXFileReference; lastKnownFileType = sourcecode.swift; path = MockManagerProvider.swift; sourceTree = "<group>"; };
/* End PBXFileReference section */

/* Begin PBXFrameworksBuildPhase section */
		BFA8F9B327992CF500076044 /* Frameworks */ = {
			isa = PBXFrameworksBuildPhase;
			buildActionMask = 2147483647;
			files = (
			);
			runOnlyForDeploymentPostprocessing = 0;
		};
		BFA8F9E4279933A400076044 /* Frameworks */ = {
			isa = PBXFrameworksBuildPhase;
			buildActionMask = 2147483647;
			files = (
			);
			runOnlyForDeploymentPostprocessing = 0;
		};
/* End PBXFrameworksBuildPhase section */

/* Begin PBXGroup section */
		BF86D1BD279BD4D600A7CAC8 /* MockServices */ = {
			isa = PBXGroup;
			children = (
				BF86D1BE279BD4F100A7CAC8 /* MockPhotoService.swift */,
				BF86D1C0279BD4FA00A7CAC8 /* MockImageCacheService.swift */,
				BF86D1C4279BF0AE00A7CAC8 /* MockImageLoadService.swift */,
				BF86D1C2279BD50400A7CAC8 /* MockServiceProvider.swift */,
			);
			path = MockServices;
			sourceTree = "<group>";
		};
		BFA8F9AD27992CF500076044 = {
			isa = PBXGroup;
			children = (
				BFA8F9B827992CF500076044 /* PhotosUI */,
				BFA8F9E8279933A400076044 /* PhotosUITests */,
				BFA8F9B727992CF500076044 /* Products */,
			);
			sourceTree = "<group>";
		};
		BFA8F9B727992CF500076044 /* Products */ = {
			isa = PBXGroup;
			children = (
				BFA8F9B627992CF500076044 /* PhotosUI.app */,
				BFA8F9E7279933A400076044 /* PhotosUITests.xctest */,
			);
			name = Products;
			sourceTree = "<group>";
		};
		BFA8F9B827992CF500076044 /* PhotosUI */ = {
			isa = PBXGroup;
			children = (
				BFA8F9B927992CF500076044 /* AppDelegate.swift */,
				BFA8F9BB27992CF500076044 /* SceneDelegate.swift */,
				BFA8F9DE279932BF00076044 /* Extensions */,
				BFA8F9DD279932B500076044 /* Utilities */,
				BFA8F9DC279932AB00076044 /* Models */,
				BFA8F9DB279932A400076044 /* Services */,
				BFA8F9DA279932A000076044 /* Managers */,
				BFA8F9D52799325100076044 /* Screens */,
				BFA8F9C227992CF700076044 /* Assets.xcassets */,
				BFA8F9C427992CF700076044 /* LaunchScreen.storyboard */,
				BFA8F9C727992CF700076044 /* Info.plist */,
			);
			path = PhotosUI;
			sourceTree = "<group>";
		};
		BFA8F9D52799325100076044 /* Screens */ = {
			isa = PBXGroup;
			children = (
				BFA8F9D82799325F00076044 /* Detail */,
				BFA8F9D72799325C00076044 /* Search */,
				BFA8F9D62799325600076044 /* Photos */,
				BFA8F9CD27992D7C00076044 /* ContentView.swift */,
			);
			path = Screens;
			sourceTree = "<group>";
		};
		BFA8F9D62799325600076044 /* Photos */ = {
			isa = PBXGroup;
			children = (
				BFA8F9CF27992E1600076044 /* PhotosView.swift */,
				BF3EE2DD279A87D300EA2385 /* PhotosViewModel.swift */,
			);
			path = Photos;
			sourceTree = "<group>";
		};
		BFA8F9D72799325C00076044 /* Search */ = {
			isa = PBXGroup;
			children = (
				BFA8F9D127992E1D00076044 /* SearchView.swift */,
			);
			path = Search;
			sourceTree = "<group>";
		};
		BFA8F9D82799325F00076044 /* Detail */ = {
			isa = PBXGroup;
			children = (
				BFA8F9D327992E2300076044 /* DetailView.swift */,
			);
			path = Detail;
			sourceTree = "<group>";
		};
		BFA8F9DA279932A000076044 /* Managers */ = {
			isa = PBXGroup;
			children = (
				BFA8F9FC2799465F00076044 /* ManagerProvider.swift */,
				BFA8F9E12799333400076044 /* NetworkManager.swift */,
				BF86D1A3279B9F9300A7CAC8 /* MemoryCacheManager.swift */,
				BF86D1A5279B9F9900A7CAC8 /* DiskCacheManager.swift */,
			);
			path = Managers;
			sourceTree = "<group>";
		};
		BFA8F9DB279932A400076044 /* Services */ = {
			isa = PBXGroup;
			children = (
				BF3EE2DB279A868D00EA2385 /* ServiceProvider.swift */,
				BFA8F9FA2799430C00076044 /* PhotoService.swift */,
				BF86D1B3279BA2E400A7CAC8 /* ImageCacheService.swift */,
				BF86D1B7279BC2CD00A7CAC8 /* ImageLoadService.swift */,
			);
			path = Services;
			sourceTree = "<group>";
		};
		BFA8F9DC279932AB00076044 /* Models */ = {
			isa = PBXGroup;
			children = (
				BFA8F9DF279932DF00076044 /* PhotoModel.swift */,
			);
			path = Models;
			sourceTree = "<group>";
		};
		BFA8F9DD279932B500076044 /* Utilities */ = {
			isa = PBXGroup;
			children = (
				BFA8F9F8279934D000076044 /* APIRouter.swift */,
			);
			path = Utilities;
			sourceTree = "<group>";
		};
		BFA8F9DE279932BF00076044 /* Extensions */ = {
			isa = PBXGroup;
			children = (
				BF86D1B5279BA3D900A7CAC8 /* String+Extension.swift */,
			);
			path = Extensions;
			sourceTree = "<group>";
		};
		BFA8F9E8279933A400076044 /* PhotosUITests */ = {
			isa = PBXGroup;
			children = (
				BFA8F9F0279933B700076044 /* Mocks */,
				BFA8F9F1279933BC00076044 /* Managers */,
				BFA8F9FE2799521B00076044 /* Services */,
			);
			path = PhotosUITests;
			sourceTree = "<group>";
		};
		BFA8F9F0279933B700076044 /* Mocks */ = {
			isa = PBXGroup;
			children = (
				BF86D1BD279BD4D600A7CAC8 /* MockServices */,
				BFA8FA002799524800076044 /* MockManagers */,
				BFA8F9F2279933E200076044 /* MockURLSession.swift */,
				BF86D1A7279BA01400A7CAC8 /* MockNSCache.swift */,
				BF86D1A9279BA02500A7CAC8 /* MockFileManager.swift */,
			);
			path = Mocks;
			sourceTree = "<group>";
		};
		BFA8F9F1279933BC00076044 /* Managers */ = {
			isa = PBXGroup;
			children = (
				BFA8F9F62799346000076044 /* NetworkManagerTests.swift */,
				BF86D1AB279BA06400A7CAC8 /* DiskCacheManagerTests.swift */,
				BF86D1AD279BA07100A7CAC8 /* MemoryCacheManagerTests.swift */,
			);
			path = Managers;
			sourceTree = "<group>";
		};
		BFA8F9FE2799521B00076044 /* Services */ = {
			isa = PBXGroup;
			children = (
				BFA8FA052799536200076044 /* PhotoServiceTests.swift */,
				BF86D1B9279BD11100A7CAC8 /* ImageCacheServiceTests.swift */,
				BF86D1BB279BD11D00A7CAC8 /* ImageLoadServiceTests.swift */,
			);
			path = Services;
			sourceTree = "<group>";
		};
		BFA8FA002799524800076044 /* MockManagers */ = {
			isa = PBXGroup;
			children = (
				BFA8FA032799527E00076044 /* MockNetworkManager.swift */,
				BF86D1AF279BA15700A7CAC8 /* MockMemoryCacheManager.swift */,
				BF86D1B1279BA16000A7CAC8 /* MockDiskCacheManager.swift */,
				BFA8FA07279953F100076044 /* MockManagerProvider.swift */,
			);
			path = MockManagers;
			sourceTree = "<group>";
		};
/* End PBXGroup section */

/* Begin PBXNativeTarget section */
		BFA8F9B527992CF500076044 /* PhotosUI */ = {
			isa = PBXNativeTarget;
			buildConfigurationList = BFA8F9CA27992CF700076044 /* Build configuration list for PBXNativeTarget "PhotosUI" */;
			buildPhases = (
				BFA8F9B227992CF500076044 /* Sources */,
				BFA8F9B327992CF500076044 /* Frameworks */,
				BFA8F9B427992CF500076044 /* Resources */,
			);
			buildRules = (
			);
			dependencies = (
			);
			name = PhotosUI;
			productName = PhotosUI;
			productReference = BFA8F9B627992CF500076044 /* PhotosUI.app */;
			productType = "com.apple.product-type.application";
		};
		BFA8F9E6279933A400076044 /* PhotosUITests */ = {
			isa = PBXNativeTarget;
			buildConfigurationList = BFA8F9ED279933A400076044 /* Build configuration list for PBXNativeTarget "PhotosUITests" */;
			buildPhases = (
				BFA8F9E3279933A400076044 /* Sources */,
				BFA8F9E4279933A400076044 /* Frameworks */,
				BFA8F9E5279933A400076044 /* Resources */,
			);
			buildRules = (
			);
			dependencies = (
				BFA8F9EC279933A400076044 /* PBXTargetDependency */,
			);
			name = PhotosUITests;
			productName = PhotosUITests;
			productReference = BFA8F9E7279933A400076044 /* PhotosUITests.xctest */;
			productType = "com.apple.product-type.bundle.unit-test";
		};
/* End PBXNativeTarget section */

/* Begin PBXProject section */
		BFA8F9AE27992CF500076044 /* Project object */ = {
			isa = PBXProject;
			attributes = {
				BuildIndependentTargetsInParallel = 1;
				LastSwiftUpdateCheck = 1320;
				LastUpgradeCheck = 1320;
				TargetAttributes = {
					BFA8F9B527992CF500076044 = {
						CreatedOnToolsVersion = 13.2.1;
					};
					BFA8F9E6279933A400076044 = {
						CreatedOnToolsVersion = 13.2.1;
						TestTargetID = BFA8F9B527992CF500076044;
					};
				};
			};
			buildConfigurationList = BFA8F9B127992CF500076044 /* Build configuration list for PBXProject "PhotosUI" */;
			compatibilityVersion = "Xcode 13.0";
			developmentRegion = en;
			hasScannedForEncodings = 0;
			knownRegions = (
				en,
				Base,
			);
			mainGroup = BFA8F9AD27992CF500076044;
			productRefGroup = BFA8F9B727992CF500076044 /* Products */;
			projectDirPath = "";
			projectRoot = "";
			targets = (
				BFA8F9B527992CF500076044 /* PhotosUI */,
				BFA8F9E6279933A400076044 /* PhotosUITests */,
			);
		};
/* End PBXProject section */

/* Begin PBXResourcesBuildPhase section */
		BFA8F9B427992CF500076044 /* Resources */ = {
			isa = PBXResourcesBuildPhase;
			buildActionMask = 2147483647;
			files = (
				BFA8F9C627992CF700076044 /* LaunchScreen.storyboard in Resources */,
				BFA8F9C327992CF700076044 /* Assets.xcassets in Resources */,
			);
			runOnlyForDeploymentPostprocessing = 0;
		};
		BFA8F9E5279933A400076044 /* Resources */ = {
			isa = PBXResourcesBuildPhase;
			buildActionMask = 2147483647;
			files = (
			);
			runOnlyForDeploymentPostprocessing = 0;
		};
/* End PBXResourcesBuildPhase section */

/* Begin PBXSourcesBuildPhase section */
		BFA8F9B227992CF500076044 /* Sources */ = {
			isa = PBXSourcesBuildPhase;
			buildActionMask = 2147483647;
			files = (
				BF3EE2DC279A868D00EA2385 /* ServiceProvider.swift in Sources */,
				BFA8F9FB2799430C00076044 /* PhotoService.swift in Sources */,
				BF86D1A6279B9F9900A7CAC8 /* DiskCacheManager.swift in Sources */,
				BFA8F9D227992E1D00076044 /* SearchView.swift in Sources */,
				BFA8F9F9279934D000076044 /* APIRouter.swift in Sources */,
				BFA8F9D427992E2300076044 /* DetailView.swift in Sources */,
				BF3EE2DE279A87D300EA2385 /* PhotosViewModel.swift in Sources */,
				BF86D1B8279BC2CD00A7CAC8 /* ImageLoadService.swift in Sources */,
				BFA8F9FD2799465F00076044 /* ManagerProvider.swift in Sources */,
				BF86D1B6279BA3D900A7CAC8 /* String+Extension.swift in Sources */,
				BFA8F9BA27992CF500076044 /* AppDelegate.swift in Sources */,
				BFA8F9CE27992D7C00076044 /* ContentView.swift in Sources */,
				BF86D1B4279BA2E400A7CAC8 /* ImageCacheService.swift in Sources */,
				BF86D1A4279B9F9300A7CAC8 /* MemoryCacheManager.swift in Sources */,
				BFA8F9E22799333400076044 /* NetworkManager.swift in Sources */,
				BFA8F9E0279932DF00076044 /* PhotoModel.swift in Sources */,
				BFA8F9BC27992CF500076044 /* SceneDelegate.swift in Sources */,
				BFA8F9D027992E1600076044 /* PhotosView.swift in Sources */,
			);
			runOnlyForDeploymentPostprocessing = 0;
		};
		BFA8F9E3279933A400076044 /* Sources */ = {
			isa = PBXSourcesBuildPhase;
			buildActionMask = 2147483647;
			files = (
				BF86D1C1279BD4FA00A7CAC8 /* MockImageCacheService.swift in Sources */,
				BFA8FA08279953F100076044 /* MockManagerProvider.swift in Sources */,
				BF86D1B0279BA15700A7CAC8 /* MockMemoryCacheManager.swift in Sources */,
				BFA8FA062799536200076044 /* PhotoServiceTests.swift in Sources */,
				BFA8FA042799527E00076044 /* MockNetworkManager.swift in Sources */,
				BF86D1BC279BD11D00A7CAC8 /* ImageLoadServiceTests.swift in Sources */,
				BF86D1AC279BA06400A7CAC8 /* DiskCacheManagerTests.swift in Sources */,
				BF86D1B2279BA16000A7CAC8 /* MockDiskCacheManager.swift in Sources */,
				BF86D1C5279BF0AE00A7CAC8 /* MockImageLoadService.swift in Sources */,
				BF86D1BA279BD11100A7CAC8 /* ImageCacheServiceTests.swift in Sources */,
				BF86D1AE279BA07200A7CAC8 /* MemoryCacheManagerTests.swift in Sources */,
				BF86D1C3279BD50400A7CAC8 /* MockServiceProvider.swift in Sources */,
				BFA8F9F72799346000076044 /* NetworkManagerTests.swift in Sources */,
				BF86D1BF279BD4F100A7CAC8 /* MockPhotoService.swift in Sources */,
				BF86D1AA279BA02500A7CAC8 /* MockFileManager.swift in Sources */,
				BFA8F9F3279933E200076044 /* MockURLSession.swift in Sources */,
				BF86D1A8279BA01400A7CAC8 /* MockNSCache.swift in Sources */,
			);
			runOnlyForDeploymentPostprocessing = 0;
		};
/* End PBXSourcesBuildPhase section */

/* Begin PBXTargetDependency section */
		BFA8F9EC279933A400076044 /* PBXTargetDependency */ = {
			isa = PBXTargetDependency;
			target = BFA8F9B527992CF500076044 /* PhotosUI */;
			targetProxy = BFA8F9EB279933A400076044 /* PBXContainerItemProxy */;
		};
/* End PBXTargetDependency section */

/* Begin PBXVariantGroup section */
		BFA8F9C427992CF700076044 /* LaunchScreen.storyboard */ = {
			isa = PBXVariantGroup;
			children = (
				BFA8F9C527992CF700076044 /* Base */,
			);
			name = LaunchScreen.storyboard;
			sourceTree = "<group>";
		};
/* End PBXVariantGroup section */

/* Begin XCBuildConfiguration section */
		BFA8F9C827992CF700076044 /* Debug */ = {
			isa = XCBuildConfiguration;
			buildSettings = {
				ALWAYS_SEARCH_USER_PATHS = NO;
				CLANG_ANALYZER_NONNULL = YES;
				CLANG_ANALYZER_NUMBER_OBJECT_CONVERSION = YES_AGGRESSIVE;
				CLANG_CXX_LANGUAGE_STANDARD = "gnu++17";
				CLANG_CXX_LIBRARY = "libc++";
				CLANG_ENABLE_MODULES = YES;
				CLANG_ENABLE_OBJC_ARC = YES;
				CLANG_ENABLE_OBJC_WEAK = YES;
				CLANG_WARN_BLOCK_CAPTURE_AUTORELEASING = YES;
				CLANG_WARN_BOOL_CONVERSION = YES;
				CLANG_WARN_COMMA = YES;
				CLANG_WARN_CONSTANT_CONVERSION = YES;
				CLANG_WARN_DEPRECATED_OBJC_IMPLEMENTATIONS = YES;
				CLANG_WARN_DIRECT_OBJC_ISA_USAGE = YES_ERROR;
				CLANG_WARN_DOCUMENTATION_COMMENTS = YES;
				CLANG_WARN_EMPTY_BODY = YES;
				CLANG_WARN_ENUM_CONVERSION = YES;
				CLANG_WARN_INFINITE_RECURSION = YES;
				CLANG_WARN_INT_CONVERSION = YES;
				CLANG_WARN_NON_LITERAL_NULL_CONVERSION = YES;
				CLANG_WARN_OBJC_IMPLICIT_RETAIN_SELF = YES;
				CLANG_WARN_OBJC_LITERAL_CONVERSION = YES;
				CLANG_WARN_OBJC_ROOT_CLASS = YES_ERROR;
				CLANG_WARN_QUOTED_INCLUDE_IN_FRAMEWORK_HEADER = YES;
				CLANG_WARN_RANGE_LOOP_ANALYSIS = YES;
				CLANG_WARN_STRICT_PROTOTYPES = YES;
				CLANG_WARN_SUSPICIOUS_MOVE = YES;
				CLANG_WARN_UNGUARDED_AVAILABILITY = YES_AGGRESSIVE;
				CLANG_WARN_UNREACHABLE_CODE = YES;
				CLANG_WARN__DUPLICATE_METHOD_MATCH = YES;
				COPY_PHASE_STRIP = NO;
				DEBUG_INFORMATION_FORMAT = dwarf;
				ENABLE_STRICT_OBJC_MSGSEND = YES;
				ENABLE_TESTABILITY = YES;
				GCC_C_LANGUAGE_STANDARD = gnu11;
				GCC_DYNAMIC_NO_PIC = NO;
				GCC_NO_COMMON_BLOCKS = YES;
				GCC_OPTIMIZATION_LEVEL = 0;
				GCC_PREPROCESSOR_DEFINITIONS = (
					"DEBUG=1",
					"$(inherited)",
				);
				GCC_WARN_64_TO_32_BIT_CONVERSION = YES;
				GCC_WARN_ABOUT_RETURN_TYPE = YES_ERROR;
				GCC_WARN_UNDECLARED_SELECTOR = YES;
				GCC_WARN_UNINITIALIZED_AUTOS = YES_AGGRESSIVE;
				GCC_WARN_UNUSED_FUNCTION = YES;
				GCC_WARN_UNUSED_VARIABLE = YES;
				IPHONEOS_DEPLOYMENT_TARGET = 15.2;
				MTL_ENABLE_DEBUG_INFO = INCLUDE_SOURCE;
				MTL_FAST_MATH = YES;
				ONLY_ACTIVE_ARCH = YES;
				SDKROOT = iphoneos;
				SWIFT_ACTIVE_COMPILATION_CONDITIONS = DEBUG;
				SWIFT_OPTIMIZATION_LEVEL = "-Onone";
			};
			name = Debug;
		};
		BFA8F9C927992CF700076044 /* Release */ = {
			isa = XCBuildConfiguration;
			buildSettings = {
				ALWAYS_SEARCH_USER_PATHS = NO;
				CLANG_ANALYZER_NONNULL = YES;
				CLANG_ANALYZER_NUMBER_OBJECT_CONVERSION = YES_AGGRESSIVE;
				CLANG_CXX_LANGUAGE_STANDARD = "gnu++17";
				CLANG_CXX_LIBRARY = "libc++";
				CLANG_ENABLE_MODULES = YES;
				CLANG_ENABLE_OBJC_ARC = YES;
				CLANG_ENABLE_OBJC_WEAK = YES;
				CLANG_WARN_BLOCK_CAPTURE_AUTORELEASING = YES;
				CLANG_WARN_BOOL_CONVERSION = YES;
				CLANG_WARN_COMMA = YES;
				CLANG_WARN_CONSTANT_CONVERSION = YES;
				CLANG_WARN_DEPRECATED_OBJC_IMPLEMENTATIONS = YES;
				CLANG_WARN_DIRECT_OBJC_ISA_USAGE = YES_ERROR;
				CLANG_WARN_DOCUMENTATION_COMMENTS = YES;
				CLANG_WARN_EMPTY_BODY = YES;
				CLANG_WARN_ENUM_CONVERSION = YES;
				CLANG_WARN_INFINITE_RECURSION = YES;
				CLANG_WARN_INT_CONVERSION = YES;
				CLANG_WARN_NON_LITERAL_NULL_CONVERSION = YES;
				CLANG_WARN_OBJC_IMPLICIT_RETAIN_SELF = YES;
				CLANG_WARN_OBJC_LITERAL_CONVERSION = YES;
				CLANG_WARN_OBJC_ROOT_CLASS = YES_ERROR;
				CLANG_WARN_QUOTED_INCLUDE_IN_FRAMEWORK_HEADER = YES;
				CLANG_WARN_RANGE_LOOP_ANALYSIS = YES;
				CLANG_WARN_STRICT_PROTOTYPES = YES;
				CLANG_WARN_SUSPICIOUS_MOVE = YES;
				CLANG_WARN_UNGUARDED_AVAILABILITY = YES_AGGRESSIVE;
				CLANG_WARN_UNREACHABLE_CODE = YES;
				CLANG_WARN__DUPLICATE_METHOD_MATCH = YES;
				COPY_PHASE_STRIP = NO;
				DEBUG_INFORMATION_FORMAT = "dwarf-with-dsym";
				ENABLE_NS_ASSERTIONS = NO;
				ENABLE_STRICT_OBJC_MSGSEND = YES;
				GCC_C_LANGUAGE_STANDARD = gnu11;
				GCC_NO_COMMON_BLOCKS = YES;
				GCC_WARN_64_TO_32_BIT_CONVERSION = YES;
				GCC_WARN_ABOUT_RETURN_TYPE = YES_ERROR;
				GCC_WARN_UNDECLARED_SELECTOR = YES;
				GCC_WARN_UNINITIALIZED_AUTOS = YES_AGGRESSIVE;
				GCC_WARN_UNUSED_FUNCTION = YES;
				GCC_WARN_UNUSED_VARIABLE = YES;
				IPHONEOS_DEPLOYMENT_TARGET = 15.2;
				MTL_ENABLE_DEBUG_INFO = NO;
				MTL_FAST_MATH = YES;
				SDKROOT = iphoneos;
				SWIFT_COMPILATION_MODE = wholemodule;
				SWIFT_OPTIMIZATION_LEVEL = "-O";
				VALIDATE_PRODUCT = YES;
			};
			name = Release;
		};
		BFA8F9CB27992CF700076044 /* Debug */ = {
			isa = XCBuildConfiguration;
			buildSettings = {
				ASSETCATALOG_COMPILER_APPICON_NAME = AppIcon;
				ASSETCATALOG_COMPILER_GLOBAL_ACCENT_COLOR_NAME = AccentColor;
				CODE_SIGN_STYLE = Automatic;
				CURRENT_PROJECT_VERSION = 1;
				DEVELOPMENT_TEAM = G99VW8TP32;
				GENERATE_INFOPLIST_FILE = YES;
				INFOPLIST_FILE = PhotosUI/Info.plist;
				INFOPLIST_KEY_UIApplicationSupportsIndirectInputEvents = YES;
				INFOPLIST_KEY_UILaunchStoryboardName = LaunchScreen;
				INFOPLIST_KEY_UISupportedInterfaceOrientations_iPad = "UIInterfaceOrientationPortrait UIInterfaceOrientationPortraitUpsideDown UIInterfaceOrientationLandscapeLeft UIInterfaceOrientationLandscapeRight";
				INFOPLIST_KEY_UISupportedInterfaceOrientations_iPhone = "UIInterfaceOrientationPortrait UIInterfaceOrientationLandscapeLeft UIInterfaceOrientationLandscapeRight";
				IPHONEOS_DEPLOYMENT_TARGET = 13.0;
				LD_RUNPATH_SEARCH_PATHS = (
					"$(inherited)",
					"@executable_path/Frameworks",
				);
				MARKETING_VERSION = 1.0;
				PRODUCT_BUNDLE_IDENTIFIER = com.9oya.PhotosUI;
				PRODUCT_NAME = "$(TARGET_NAME)";
				SWIFT_EMIT_LOC_STRINGS = YES;
				SWIFT_VERSION = 5.0;
				TARGETED_DEVICE_FAMILY = "1,2";
			};
			name = Debug;
		};
		BFA8F9CC27992CF700076044 /* Release */ = {
			isa = XCBuildConfiguration;
			buildSettings = {
				ASSETCATALOG_COMPILER_APPICON_NAME = AppIcon;
				ASSETCATALOG_COMPILER_GLOBAL_ACCENT_COLOR_NAME = AccentColor;
				CODE_SIGN_STYLE = Automatic;
				CURRENT_PROJECT_VERSION = 1;
				DEVELOPMENT_TEAM = G99VW8TP32;
				GENERATE_INFOPLIST_FILE = YES;
				INFOPLIST_FILE = PhotosUI/Info.plist;
				INFOPLIST_KEY_UIApplicationSupportsIndirectInputEvents = YES;
				INFOPLIST_KEY_UILaunchStoryboardName = LaunchScreen;
				INFOPLIST_KEY_UISupportedInterfaceOrientations_iPad = "UIInterfaceOrientationPortrait UIInterfaceOrientationPortraitUpsideDown UIInterfaceOrientationLandscapeLeft UIInterfaceOrientationLandscapeRight";
				INFOPLIST_KEY_UISupportedInterfaceOrientations_iPhone = "UIInterfaceOrientationPortrait UIInterfaceOrientationLandscapeLeft UIInterfaceOrientationLandscapeRight";
				IPHONEOS_DEPLOYMENT_TARGET = 13.0;
				LD_RUNPATH_SEARCH_PATHS = (
					"$(inherited)",
					"@executable_path/Frameworks",
				);
				MARKETING_VERSION = 1.0;
				PRODUCT_BUNDLE_IDENTIFIER = com.9oya.PhotosUI;
				PRODUCT_NAME = "$(TARGET_NAME)";
				SWIFT_EMIT_LOC_STRINGS = YES;
				SWIFT_VERSION = 5.0;
				TARGETED_DEVICE_FAMILY = "1,2";
			};
			name = Release;
		};
		BFA8F9EE279933A400076044 /* Debug */ = {
			isa = XCBuildConfiguration;
			buildSettings = {
				BUNDLE_LOADER = "$(TEST_HOST)";
				CODE_SIGN_STYLE = Automatic;
				CURRENT_PROJECT_VERSION = 1;
				DEVELOPMENT_TEAM = G99VW8TP32;
				GENERATE_INFOPLIST_FILE = YES;
				MARKETING_VERSION = 1.0;
				PRODUCT_BUNDLE_IDENTIFIER = com.9oya.PhotosUITests;
				PRODUCT_NAME = "$(TARGET_NAME)";
				SWIFT_EMIT_LOC_STRINGS = NO;
				SWIFT_VERSION = 5.0;
				TARGETED_DEVICE_FAMILY = "1,2";
				TEST_HOST = "$(BUILT_PRODUCTS_DIR)/PhotosUI.app/PhotosUI";
			};
			name = Debug;
		};
		BFA8F9EF279933A400076044 /* Release */ = {
			isa = XCBuildConfiguration;
			buildSettings = {
				BUNDLE_LOADER = "$(TEST_HOST)";
				CODE_SIGN_STYLE = Automatic;
				CURRENT_PROJECT_VERSION = 1;
				DEVELOPMENT_TEAM = G99VW8TP32;
				GENERATE_INFOPLIST_FILE = YES;
				MARKETING_VERSION = 1.0;
				PRODUCT_BUNDLE_IDENTIFIER = com.9oya.PhotosUITests;
				PRODUCT_NAME = "$(TARGET_NAME)";
				SWIFT_EMIT_LOC_STRINGS = NO;
				SWIFT_VERSION = 5.0;
				TARGETED_DEVICE_FAMILY = "1,2";
				TEST_HOST = "$(BUILT_PRODUCTS_DIR)/PhotosUI.app/PhotosUI";
			};
			name = Release;
		};
/* End XCBuildConfiguration section */

/* Begin XCConfigurationList section */
		BFA8F9B127992CF500076044 /* Build configuration list for PBXProject "PhotosUI" */ = {
			isa = XCConfigurationList;
			buildConfigurations = (
				BFA8F9C827992CF700076044 /* Debug */,
				BFA8F9C927992CF700076044 /* Release */,
			);
			defaultConfigurationIsVisible = 0;
			defaultConfigurationName = Release;
		};
		BFA8F9CA27992CF700076044 /* Build configuration list for PBXNativeTarget "PhotosUI" */ = {
			isa = XCConfigurationList;
			buildConfigurations = (
				BFA8F9CB27992CF700076044 /* Debug */,
				BFA8F9CC27992CF700076044 /* Release */,
			);
			defaultConfigurationIsVisible = 0;
			defaultConfigurationName = Release;
		};
		BFA8F9ED279933A400076044 /* Build configuration list for PBXNativeTarget "PhotosUITests" */ = {
			isa = XCConfigurationList;
			buildConfigurations = (
				BFA8F9EE279933A400076044 /* Debug */,
				BFA8F9EF279933A400076044 /* Release */,
			);
			defaultConfigurationIsVisible = 0;
			defaultConfigurationName = Release;
		};
/* End XCConfigurationList section */
	};
	rootObject = BFA8F9AE27992CF500076044 /* Project object */;
}
